[[package]]
name = "mylib"
version = "0.2.0"
description = ""
category = "main"
optional = false
python-versions = "^3.8"
develop = true

[package.source]
type = "directory"
url = "../mylib"

[metadata]
lock-version = "1.1"
python-versions = "^3.8"
content-hash = "69f5b5b7146972821db7f9e2efb9228ec0a845f365ff8511ec10cab5a6b1debc"

[metadata.files]
mylib = []
